
Microsoft Visual Studio Solution File, Format Version 12.00
# Visual Studio Version 16
VisualStudioVersion = 16.0.31205.134
MinimumVisualStudioVersion = 10.0.40219.1
Project("{FAE04EC0-301F-11D3-BF4B-00C04F79EFBC}") = "XamarinMeeting.Android", "XamarinMeeting\XamarinMeeting.Android\XamarinMeeting.Android.csproj", "{D5724942-7C71-4BA8-90EE-B519DBC7DF5A}"
EndProject
Project("{FAE04EC0-301F-11D3-BF4B-00C04F79EFBC}") = "XamarinMeeting.iOS", "XamarinMeeting\XamarinMeeting.iOS\XamarinMeeting.iOS.csproj", "{860EA6AC-6CB3-40E3-94A1-476C664372F4}"
EndProject
Project("{9A19103F-16F7-4668-BE54-9A1E7A4F7556}") = "XamarinMeeting", "XamarinMeeting\XamarinMeeting\XamarinMeeting.csproj", "{405A05DB-5840-4DEF-9E36-E5DA0B8A4C2A}"
EndProject
Global
	GlobalSection(SolutionConfigurationPlatforms) = preSolution
		Debug|Any CPU = Debug|Any CPU
		Debug|iPhone = Debug|iPhone
		Debug|iPhoneSimulator = Debug|iPhoneSimulator
		Release|Any CPU = Release|Any CPU
		Release|iPhone = Release|iPhone
		Release|iPhoneSimulator = Release|iPhoneSimulator
	EndGlobalSection
	GlobalSection(ProjectConfigurationPlatforms) = postSolution
		{D5724942-7C71-4BA8-90EE-B519DBC7DF5A}.Debug|Any CPU.ActiveCfg = Debug|Any CPU
		{D5724942-7C71-4BA8-90EE-B519DBC7DF5A}.Debug|Any CPU.Build.0 = Debug|Any CPU
		{D5724942-7C71-4BA8-90EE-B519DBC7DF5A}.Debug|Any CPU.Deploy.0 = Debug|Any CPU
		{D5724942-7C71-4BA8-90EE-B519DBC7DF5A}.Debug|iPhone.ActiveCfg = Debug|Any CPU
		{D5724942-7C71-4BA8-90EE-B519DBC7DF5A}.Debug|iPhone.Build.0 = Debug|Any CPU
		{D5724942-7C71-4BA8-90EE-B519DBC7DF5A}.Debug|iPhone.Deploy.0 = Debug|Any CPU
		{D5724942-7C71-4BA8-90EE-B519DBC7DF5A}.Debug|iPhoneSimulator.ActiveCfg = Debug|Any CPU
		{D5724942-7C71-4BA8-90EE-B519DBC7DF5A}.Debug|iPhoneSimulator.Build.0 = Debug|Any CPU
		{D5724942-7C71-4BA8-90EE-B519DBC7DF5A}.Debug|iPhoneSimulator.Deploy.0 = Debug|Any CPU
		{D5724942-7C71-4BA8-90EE-B519DBC7DF5A}.Release|Any CPU.ActiveCfg = Release|Any CPU
		{D5724942-7C71-4BA8-90EE-B519DBC7DF5A}.Release|Any CPU.Build.0 = Release|Any CPU
		{D5724942-7C71-4BA8-90EE-B519DBC7DF5A}.Release|Any CPU.Deploy.0 = Release|Any CPU
		{D5724942-7C71-4BA8-90EE-B519DBC7DF5A}.Release|iPhone.ActiveCfg = Release|Any CPU
		{D5724942-7C71-4BA8-90EE-B519DBC7DF5A}.Release|iPhone.Build.0 = Release|Any CPU
		{D5724942-7C71-4BA8-90EE-B519DBC7DF5A}.Release|iPhone.Deploy.0 = Release|Any CPU
		{D5724942-7C71-4BA8-90EE-B519DBC7DF5A}.Release|iPhoneSimulator.ActiveCfg = Release|Any CPU
		{D5724942-7C71-4BA8-90EE-B519DBC7DF5A}.Release|iPhoneSimulator.Build.0 = Release|Any CPU
		{D5724942-7C71-4BA8-90EE-B519DBC7DF5A}.Release|iPhoneSimulator.Deploy.0 = Release|Any CPU
		{860EA6AC-6CB3-40E3-94A1-476C664372F4}.Debug|Any CPU.ActiveCfg = Debug|iPhone
		{860EA6AC-6CB3-40E3-94A1-476C664372F4}.Debug|Any CPU.Build.0 = Debug|iPhone
		{860EA6AC-6CB3-40E3-94A1-476C664372F4}.Debug|Any CPU.Deploy.0 = Debug|iPhone
		{860EA6AC-6CB3-40E3-94A1-476C664372F4}.Debug|iPhone.ActiveCfg = Debug|iPhone
		{860EA6AC-6CB3-40E3-94A1-476C664372F4}.Debug|iPhone.Build.0 = Debug|iPhone
		{860EA6AC-6CB3-40E3-94A1-476C664372F4}.Debug|iPhone.Deploy.0 = Debug|iPhone
		{860EA6AC-6CB3-40E3-94A1-476C664372F4}.Debug|iPhoneSimulator.ActiveCfg = Debug|iPhoneSimulator
		{860EA6AC-6CB3-40E3-94A1-476C664372F4}.Debug|iPhoneSimulator.Build.0 = Debug|iPhoneSimulator
		{860EA6AC-6CB3-40E3-94A1-476C664372F4}.Debug|iPhoneSimulator.Deploy.0 = Debug|iPhoneSimulator
		{860EA6AC-6CB3-40E3-94A1-476C664372F4}.Release|Any CPU.ActiveCfg = Release|iPhoneSimulator
		{860EA6AC-6CB3-40E3-94A1-476C664372F4}.Release|Any CPU.Build.0 = Release|iPhoneSimulator
		{860EA6AC-6CB3-40E3-94A1-476C664372F4}.Release|Any CPU.Deploy.0 = Release|iPhoneSimulator
		{860EA6AC-6CB3-40E3-94A1-476C664372F4}.Release|iPhone.ActiveCfg = Release|iPhone
		{860EA6AC-6CB3-40E3-94A1-476C664372F4}.Release|iPhone.Build.0 = Release|iPhone
		{860EA6AC-6CB3-40E3-94A1-476C664372F4}.Release|iPhone.Deploy.0 = Release|iPhone
		{860EA6AC-6CB3-40E3-94A1-476C664372F4}.Release|iPhoneSimulator.ActiveCfg = Release|iPhoneSimulator
		{860EA6AC-6CB3-40E3-94A1-476C664372F4}.Release|iPhoneSimulator.Build.0 = Release|iPhoneSimulator
		{860EA6AC-6CB3-40E3-94A1-476C664372F4}.Release|iPhoneSimulator.Deploy.0 = Release|iPhoneSimulator
		{405A05DB-5840-4DEF-9E36-E5DA0B8A4C2A}.Debug|Any CPU.ActiveCfg = Debug|Any CPU
		{405A05DB-5840-4DEF-9E36-E5DA0B8A4C2A}.Debug|Any CPU.Build.0 = Debug|Any CPU
		{405A05DB-5840-4DEF-9E36-E5DA0B8A4C2A}.Debug|Any CPU.Deploy.0 = Debug|Any CPU
		{405A05DB-5840-4DEF-9E36-E5DA0B8A4C2A}.Debug|iPhone.ActiveCfg = Debug|Any CPU
		{405A05DB-5840-4DEF-9E36-E5DA0B8A4C2A}.Debug|iPhone.Build.0 = Debug|Any CPU
		{405A05DB-5840-4DEF-9E36-E5DA0B8A4C2A}.Debug|iPhone.Deploy.0 = Debug|Any CPU
		{405A05DB-5840-4DEF-9E36-E5DA0B8A4C2A}.Debug|iPhoneSimulator.ActiveCfg = Debug|Any CPU
		{405A05DB-5840-4DEF-9E36-E5DA0B8A4C2A}.Debug|iPhoneSimulator.Build.0 = Debug|Any CPU
		{405A05DB-5840-4DEF-9E36-E5DA0B8A4C2A}.Debug|iPhoneSimulator.Deploy.0 = Debug|Any CPU
		{405A05DB-5840-4DEF-9E36-E5DA0B8A4C2A}.Release|Any CPU.ActiveCfg = Release|Any CPU
		{405A05DB-5840-4DEF-9E36-E5DA0B8A4C2A}.Release|Any CPU.Build.0 = Release|Any CPU
		{405A05DB-5840-4DEF-9E36-E5DA0B8A4C2A}.Release|Any CPU.Deploy.0 = Release|Any CPU
		{405A05DB-5840-4DEF-9E36-E5DA0B8A4C2A}.Release|iPhone.ActiveCfg = Release|Any CPU
		{405A05DB-5840-4DEF-9E36-E5DA0B8A4C2A}.Release|iPhone.Build.0 = Release|Any CPU
		{405A05DB-5840-4DEF-9E36-E5DA0B8A4C2A}.Release|iPhone.Deploy.0 = Release|Any CPU
		{405A05DB-5840-4DEF-9E36-E5DA0B8A4C2A}.Release|iPhoneSimulator.ActiveCfg = Release|Any CPU
		{405A05DB-5840-4DEF-9E36-E5DA0B8A4C2A}.Release|iPhoneSimulator.Build.0 = Release|Any CPU
		{405A05DB-5840-4DEF-9E36-E5DA0B8A4C2A}.Release|iPhoneSimulator.Deploy.0 = Release|Any CPU
	EndGlobalSection
	GlobalSection(SolutionProperties) = preSolution
		HideSolutionNode = FALSE
	EndGlobalSection
	GlobalSection(ExtensibilityGlobals) = postSolution
		SolutionGuid = {09CAC9F7-230C-41C2-8B94-156D3A2B46E5}
	EndGlobalSection
EndGlobal
